github.com/intuitivelabs/bytescase v1.0.2 h1:Yz2aO9cw3Erdnyb9k7/SS/ckFkOG8KWr4UcgUxWjnqE=
github.com/intuitivelabs/bytescase v1.0.2/go.mod h1:Gr+B79bV8+mDKvYr4hja6qPVHtYG4Knem0K8gzZKHHU=
github.com/intuitivelabs/slog v0.0.2 h1:XFDdI5gTK7t7C896D7kTdDRWXDSF1hHjAor/TITSLio=
github.com/intuitivelabs/slog v0.0.2/go.mod h1:Ui5r7QQoGGj6/sODBbsz8VJbbylXyx86aVhbdoriIKY=
