github.com/intuitivelabs/bytescase v1.0.2-0.20210217091653-e8baf7a3651d h1:OjZmc4khFmwd29znTWxhH7ltA1boR1wERQEDdVP00uk=
github.com/intuitivelabs/bytescase v1.0.2-0.20210217091653-e8baf7a3651d/go.mod h1:Gr+B79bV8+mDKvYr4hja6qPVHtYG4Knem0K8gzZKHHU=
github.com/intuitivelabs/slog v0.0.2-0.20210309182339-ec06449a2183 h1:EFlAD+HoZUiNAnipjYudLJGnlP5FUG/SJcGdvyVo+q0=
github.com/intuitivelabs/slog v0.0.2-0.20210309182339-ec06449a2183/go.mod h1:Ui5r7QQoGGj6/sODBbsz8VJbbylXyx86aVhbdoriIKY=
